# THIS IS AN AUTOGENERATED FILE. DO NOT EDIT THIS FILE DIRECTLY.
assets/2-1.jpg:
  development: 2018-02-01T08:37:17-08:00   1e50d9aec34efdc85a9c16ed78a4afa3
assets/ajax-loader.gif:
  development: 2018-01-15T11:26:37-08:00   deca8b0ecd6974227d157b6d7068995d
assets/empire.js:
  development: 2018-01-31T10:05:03-08:00   aaaf72a868537d10b4f3383aaa566f3c
assets/empire.js.map:
  development: 2018-01-31T10:05:06-08:00   8a1948556554a0c76622a98f53d0cbf1
assets/gift-card.js:
  development: 2018-01-15T11:26:37-08:00   c73df2ee57cc9eb577f7a1858063495d
assets/gift-card.scss.liquid:
  development: 2018-01-15T11:26:37-08:00   647ae860a3a785081fa97f55b66cea83
assets/ico-select.svg.liquid:
  development: 2018-01-15T11:26:38-08:00   28de0c672609528b7c55f6f47810784b
assets/jquery.cart.js:
  development: 2018-01-31T10:05:05-08:00   d561b356ead76b3d4a147f96eb34be98
assets/lazysizes.js:
  development: 2018-01-15T11:26:38-08:00   a27b15d827d7a26f9fa58fb6b4f9d4b6
assets/leaguespartan-bold.eot:
  development: 2018-01-31T10:04:59-08:00   5d202a7f44e80632637a8f06f374147e
assets/leaguespartan-bold.svg:
  development: 2018-01-31T10:04:30-08:00   3c33ca150ccb893b3f89fabce784e09a
assets/leaguespartan-bold.ttf:
  development: 2018-01-31T10:03:11-08:00   7cc8cbbd7a330c0d1e7c08c6d62711e4
assets/leaguespartan-bold.woff:
  development: 2018-01-31T10:03:45-08:00   de124ab4fe636436b7f9d3b1f5ac3eed
assets/leaguespartan-bold.woff2:
  development: 2018-01-31T10:03:34-08:00   3812d86fa4f162846016e03340c94427
assets/match-media.min.js:
  development: 2018-01-15T11:26:38-08:00   d0bf06c458a236dcca39b3be8cf80ec5
assets/password.js:
  development: 2018-01-15T11:26:38-08:00   d826da9cb223a44d53a0c34f457e92dc
assets/spacelabs-logo.jpg:
  development: 2018-02-02T13:58:09-08:00   874a0fcc53c545bb788171bae12a3e27
assets/spacelabs-logo.png:
  development: 2018-02-02T13:56:21-08:00   09493cd484e61602273a10b527747a96
assets/spacelabs.min.css:
  development: 2018-02-02T13:57:36-08:00   4884e8acb1e36061ebe33b8a4b4fe5e2
assets/spacelabs.min.js:
  development: 2018-01-31T10:04:11-08:00   e16df300b8384245a801904d0338a6fb
assets/theme.js:
  development: 2018-01-15T11:26:38-08:00   b50b8c8a74107fa49eed6bf5b802166d
assets/theme.scss.liquid:
  development: 2018-02-02T13:58:13-08:00   99da97a9234e5edec2952d464852c9ab
assets/vendor.js:
  development: 2018-01-15T11:26:39-08:00   cb7c4217c9b6feb844647b361accfe6c
config/settings_data.json:
  development: 2018-01-31T10:05:06-08:00   3345cf22d6b1605eb77bbc6030dfcd8f
config/settings_schema.json:
  development: 2018-02-02T13:56:25-08:00   a01c4e67a22542058636963f3d0f148e
layout/gift_card.liquid:
  development: 2018-01-15T11:26:39-08:00   876374b0950e11992ce087d1d2bad3c8
layout/giftcard.liquid:
  development: 2018-01-31T10:04:36-08:00   73c1ea652bb490316bf55ad7b0310d22
layout/none.liquid:
  development: 2018-01-31T10:03:19-08:00   9e56f1fbd6b661ad383b25c7b04d5ede
layout/password.liquid:
  development: 2018-01-15T11:26:39-08:00   6351674ea67c53e01643a5bea02f7d0a
layout/theme.liquid:
  development: 2018-02-01T08:37:56-08:00   7c321a6b227c8007d687b679535a7de0
locales/de.json:
  development: 2018-01-16T09:44:22-08:00   b7cd7749b0a0d9df967227ee73bcbb7f
locales/en.default.json:
  development: 2018-01-31T10:04:33-08:00   42820896cb7107b69ef3d8027d033061
locales/es.json:
  development: 2018-01-16T09:43:57-08:00   1f7faec878ecdbd841a874f20548c252
locales/fr.json:
  development: 2018-01-16T09:44:35-08:00   6a7a530503406291c810ad803e1ae7d3
locales/it.json:
  development: 2018-01-16T09:44:30-08:00   1e9bf18e791cca0b5c22210f65193234
locales/ja.json:
  development: 2018-01-16T09:44:34-08:00   d37fd5030ba34cadec9ea376c939f2a1
locales/pt-BR.json:
  development: 2018-01-16T09:43:46-08:00   e34f8234dadd2e978e7d60c45069cda8
locales/pt-PT.json:
  development: 2018-01-16T09:44:18-08:00   9753246c7cfeeb72638f4df3170e0566
sections/article-template.liquid:
  development: 2018-01-15T11:26:35-08:00   6850937aeb295fae74ca4dec2a6922bb
sections/blog-template.liquid:
  development: 2018-01-15T11:26:35-08:00   5757170836346c1082ffba4ef408857e
sections/cart-template.liquid:
  development: 2018-01-15T11:26:36-08:00   f07185af88ed866aaf60d6567f794269
sections/collection-list.liquid:
  development: 2018-01-15T11:26:36-08:00   a55d61b95ff71917adad276c41ee1dc0
sections/collection-template.liquid:
  development: 2018-01-15T11:26:36-08:00   7770eba3ed3374c97f43677826939401
sections/collection.liquid:
  development: 2018-01-15T11:26:36-08:00   2b354ddc56741c41be0ee62a912b4ce4
sections/custom-content.liquid:
  development: 2018-01-15T11:26:36-08:00   9abed1c1562136145fb81ea24137c7ac
sections/dynamic-blog-posts.liquid:
  development: 2018-01-31T10:04:22-08:00   7345b04a5dbd434db7174f3b5a2229fb
sections/dynamic-collection-list.liquid:
  development: 2018-01-31T10:04:45-08:00   60778f1f8b32d501d578af29e500d2b8
sections/dynamic-featured-collection.liquid:
  development: 2018-01-31T10:04:28-08:00   1354d2e7daf16384249f583af0344517
sections/dynamic-instagram-feed.liquid:
  development: 2018-01-31T10:03:43-08:00   7c47a9f5ea28aad1f40c3d8dd3e38aa8
sections/dynamic-logo-list.liquid:
  development: 2018-01-31T10:04:20-08:00   c8e8b5b99848092e59cda5819653d59b
sections/dynamic-menu-list.liquid:
  development: 2018-01-31T10:04:05-08:00   343b489a87bb9d2c14ec6ffeab2e7b4d
sections/dynamic-promo-grid.liquid:
  development: 2018-01-31T10:04:46-08:00   ae3562587a51504d7fd655f5512efd69
sections/dynamic-promo-mosaic.liquid:
  development: 2018-01-31T10:04:23-08:00   beffadb92fe1532a3ffa79f9b835860a
sections/dynamic-twitter-feed.liquid:
  development: 2018-01-31T10:03:58-08:00   fd7e4943e6573f0cfd7363210ea95a4f
sections/feature-columns.liquid:
  development: 2018-01-15T11:26:36-08:00   7ee793287ae4e364423ed47d32ad34af
sections/feature-row.liquid:
  development: 2018-01-15T11:26:36-08:00   bde08223943123aaf565f941cabf86e4
sections/featured-blog.liquid:
  development: 2018-01-15T11:26:36-08:00   9a1edbe837a0e23ee0b4aa7e024db613
sections/featured-product.liquid:
  development: 2018-01-15T11:26:36-08:00   9c2cd13b0e7e12c4468426c6119eb30e
sections/footer.liquid:
  development: 2018-02-02T13:57:14-08:00   fe0868f01097f30498e8f699975a5cd3
sections/header.liquid:
  development: 2018-01-15T11:26:36-08:00   92c1e153c4e6c0827ab7a59aecb65b93
sections/hero.liquid:
  development: 2018-01-16T16:10:22-08:00   d45cf37312b64d6e7511bdba56256758
sections/image-bar.liquid:
  development: 2018-01-15T11:26:36-08:00   aa3e620e7da9659ad6c8a55ca2e596a8
sections/list-collections-template.liquid:
  development: 2018-01-15T11:26:36-08:00   3039da18483e52dcf6e6d354ac533cb6
sections/logo-bar.liquid:
  development: 2018-01-15T11:26:36-08:00   be9fbe5af92667ee59e0b2198d02944c
sections/map.liquid:
  development: 2018-01-16T09:44:24-08:00   e6bfab6213264f929e50e67ca23701b1
sections/newsletter.liquid:
  development: 2018-01-15T11:26:36-08:00   e5e3b7216b1f6352652611995b8091f7
sections/password-content.liquid:
  development: 2018-01-15T11:26:36-08:00   a3f9a878372b9cc4908dedc0257b9c0e
sections/password-footer.liquid:
  development: 2018-01-15T11:26:37-08:00   0c543736abf1ace6be7207be17195203
sections/password-header.liquid:
  development: 2018-01-15T11:26:37-08:00   96c731183fa1c3f2f87ca66501494897
sections/product-template.liquid:
  development: 2018-01-15T11:26:37-08:00   97835930141d94b232abc785d21a7881
sections/quotes.liquid:
  development: 2018-01-16T09:44:13-08:00   b234ffff9a061befe87a0d69a121af1c
sections/rich-text.liquid:
  development: 2018-01-15T11:26:37-08:00   d25fb0e1575242ba565b129eff3dd1b8
sections/slideshow.liquid:
  development: 2018-01-15T11:26:37-08:00   b45e3880ca33f6ac6de7c2b5eb9dd40b
sections/static-article.liquid:
  development: 2018-01-31T10:04:27-08:00   b8668718f94d080774d9d3d0815d2a23
sections/static-blog.liquid:
  development: 2018-01-31T10:03:41-08:00   c106f03e4086b0609fd9460de448737d
sections/static-cart.liquid:
  development: 2018-01-31T10:04:26-08:00   282d3b1300bec5188e9e61d406f1ce8b
sections/static-collection.liquid:
  development: 2018-01-31T10:03:39-08:00   b6d0c634215abeca100965a0355cab82
sections/static-footer.liquid:
  development: 2018-02-02T13:57:06-08:00   72fb8015037a34d617e66df4381eb23a
sections/static-giftcard.liquid:
  development: 2018-01-31T10:04:03-08:00   aad0f8572fdd83684bbcc67ecdaadbb3
sections/static-header.liquid:
  development: 2018-02-01T08:37:25-08:00   54797e719c0b7cf3ef3386464927742a
sections/static-list-collections.liquid:
  development: 2018-02-02T13:57:58-08:00   d0c7489e104e32960c891cbdb654c88f
sections/static-password.liquid:
  development: 2018-01-31T10:04:51-08:00   47a8d787723b93ca0f99b0c9634cda56
sections/static-product.liquid:
  development: 2018-01-31T10:03:59-08:00   5cd94ca3410a91549a3dc57276b0d594
sections/static-search.liquid:
  development: 2018-01-31T10:04:15-08:00   e7fe0093c1a6971c1284ec451d73c033
snippets/account-address-form.liquid:
  development: 2018-01-31T10:04:54-08:00   f85f88fb40cdace6cf9a345adc551e6d
snippets/account-address-list.liquid:
  development: 2018-01-31T10:03:33-08:00   a9236003202a3741c4651bf45d29165e
snippets/advanced-tag-loop.liquid:
  development: 2018-01-31T10:04:55-08:00   f8e1b8647daa5fb7dd57efbf5e7202db
snippets/article-comment-item.liquid:
  development: 2018-01-31T10:04:06-08:00   1f3b2eb404103171e7891dfdb708ff3a
snippets/article-comments.liquid:
  development: 2018-01-31T10:04:39-08:00   e2acfce7bd7ef31d442340d5dfd80298
snippets/article-excerpt-featured.liquid:
  development: 2018-01-31T10:03:57-08:00   a81d4eff105b2d1da4ae276093764c2c
snippets/article-excerpt.liquid:
  development: 2018-01-31T10:04:02-08:00   f278bb9dd83135cd8059ae5b7f027822
snippets/atc-banner.liquid:
  development: 2018-01-31T10:03:14-08:00   36a604d13dff1a33212aff0bf354effb
snippets/bgset.liquid:
  development: 2018-01-15T11:26:39-08:00   85889bbc39b57621f32fad66317366fc
snippets/breadcrumbs.liquid:
  development: 2018-01-31T10:04:17-08:00   fde213f35e3c2ff6b3ab771031251dc3
snippets/cart-item.liquid:
  development: 2018-01-31T10:04:04-08:00   d3d73c883e15c55e24c863dd7607ae70
snippets/cart-shipping.liquid:
  development: 2018-01-31T10:04:44-08:00   9f070ac155240fd2d76a4c6638cb7ab1
snippets/collection-grid-item.liquid:
  development: 2018-01-15T11:26:39-08:00   209c8abd3531c95e503636cc520dd9ca
snippets/collection-list-item.liquid:
  development: 2018-02-02T13:56:49-08:00   7a9c5d5c19b9b58df2cb7754647bc8c3
snippets/comment.liquid:
  development: 2018-01-15T11:26:39-08:00   50406c82467014e1bbe15a62685b2536
snippets/consistent-savings.liquid:
  development: 2018-01-31T10:03:44-08:00   062348bf8636cfb65992209dc469c8ef
snippets/favicon.liquid:
  development: 2018-01-31T10:03:41-08:00   17dac714316cd7dd3dcdb410d3180482
snippets/fonts.liquid:
  development: 2018-01-31T10:03:14-08:00   859f0a40762898a24b098cbeea449fcc
snippets/footer-block.liquid:
  development: 2018-02-02T13:56:38-08:00   7ddd4a0a30192713d3c50bc19a5ef356
snippets/google-fonts.liquid:
  development: 2018-01-15T11:26:39-08:00   377ddc183ac7882100f47299bb8e0467
snippets/header-search-form.liquid:
  development: 2018-01-31T10:03:24-08:00   44cd365d5f606c195e59f6211546199c
snippets/icon-amazon_payments.liquid:
  development: 2018-01-15T11:26:39-08:00   f1ad8ba26dd5b98117703ede5357e408
snippets/icon-american_express.liquid:
  development: 2018-01-15T11:26:39-08:00   9da829decce6867b8de60a183c94d099
snippets/icon-apple_pay.liquid:
  development: 2018-01-15T11:26:39-08:00   e82e7acc46479ea2173926f8fad55db0
snippets/icon-arrow-left.liquid:
  development: 2018-01-15T11:26:39-08:00   5abf8c4c69967103f685014dcc88a6e7
snippets/icon-arrow-right.liquid:
  development: 2018-01-15T11:26:39-08:00   45f24673c43655e9275d1ba99d814374
snippets/icon-bitcoin.liquid:
  development: 2018-01-15T11:26:40-08:00   d8cb31e0401818c1cb852348b6f27420
snippets/icon-cart.liquid:
  development: 2018-01-31T10:04:30-08:00   10e3ba40c4ac001cfb315cfa4019a421
snippets/icon-checkbox.liquid:
  development: 2018-01-31T10:04:01-08:00   ec91804696102b341faf503807c00f10
snippets/icon-checkmark.liquid:
  development: 2018-01-31T10:03:17-08:00   3d55d2131d64821a15df9a06a272ad95
snippets/icon-chevron-down-small.liquid:
  development: 2018-01-31T10:03:42-08:00   2b10da2ba8e81937fb7a1266c440bacd
snippets/icon-chevron-down-thin.liquid:
  development: 2018-01-31T10:04:06-08:00   847fc18d4ddf1bc2955478da730feb47
snippets/icon-chevron-down.liquid:
  development: 2018-01-31T10:04:25-08:00   18cf858f6eddc33354ca0f3ded263ecd
snippets/icon-chevron-left.liquid:
  development: 2018-01-15T11:26:40-08:00   6290d56c32e8ac47abe4a4f4d90ed032
snippets/icon-chevron-right.liquid:
  development: 2018-01-15T11:26:40-08:00   41842e53e7b826a0d260e2ccffbfdab1
snippets/icon-chevron-up.liquid:
  development: 2018-01-15T11:26:40-08:00   4df1e02c8789418fc53d48e2913daf49
snippets/icon-cirrus.liquid:
  development: 2018-01-15T11:26:40-08:00   fcbd6ce7e38d7946c921c8ed6ad5ca71
snippets/icon-close.liquid:
  development: 2018-01-15T11:26:40-08:00   a04fce17a63e760b9bce76768ee29feb
snippets/icon-dankort.liquid:
  development: 2018-01-15T11:26:40-08:00   796e1e822b3e46784d303b48c9db5b29
snippets/icon-diners_club.liquid:
  development: 2018-01-15T11:26:40-08:00   cf70ea54486bb14c286264f90dab9ff8
snippets/icon-discover.liquid:
  development: 2018-01-15T11:26:40-08:00   b43221b39bc3df37f7e6c7810d3e54d8
snippets/icon-dogecoin.liquid:
  development: 2018-01-15T11:26:40-08:00   6a35f5db9eb93d1ed563c6989ff30798
snippets/icon-dwolla.liquid:
  development: 2018-01-15T11:26:40-08:00   aeb86f67aad84adaf7635d2043cb89a9
snippets/icon-facebook.liquid:
  development: 2018-01-15T11:26:40-08:00   334588042b292f2d7335fd2791c35eca
snippets/icon-filters.liquid:
  development: 2018-01-31T10:04:42-08:00   e75dc1cd06aed5f3003efc264ad13f8c
snippets/icon-forbrugsforeningen.liquid:
  development: 2018-01-15T11:26:40-08:00   ff962a94f23046340766c215b0f14a52
snippets/icon-hamburger.liquid:
  development: 2018-01-15T11:26:40-08:00   559577e06ff14924311cfe2642e8b765
snippets/icon-instagram.liquid:
  development: 2018-01-15T11:26:40-08:00   bf50214819f6e2a5f053593e2414526d
snippets/icon-interac.liquid:
  development: 2018-01-15T11:26:40-08:00   24c4d22a98c0574c32fc02fe39e34b80
snippets/icon-jcb.liquid:
  development: 2018-01-15T11:26:40-08:00   275259ce80a1b368d0e5afcf7d6bb6f3
snippets/icon-laser.liquid:
  development: 2018-01-15T11:26:40-08:00   bd1a0ecfe958b6a6e84bf80e0669a6da
snippets/icon-litecoin.liquid:
  development: 2018-01-15T11:26:40-08:00   051dfcb36fa17b532a087b12f0a49e0e
snippets/icon-lock.liquid:
  development: 2018-01-31T10:04:41-08:00   195ed69385a69ad86109d4486bf1d6ab
snippets/icon-login.liquid:
  development: 2018-01-15T11:26:40-08:00   9a74bdaac402576390ca1dbdc9e7869c
snippets/icon-maestro.liquid:
  development: 2018-01-15T11:26:40-08:00   b987e558ecad607661489939ec8ca524
snippets/icon-master.liquid:
  development: 2018-01-15T11:26:40-08:00   7be93970b63c2fd0e2b319a35c00a9d7
snippets/icon-menu-close.liquid:
  development: 2018-01-31T10:04:56-08:00   0598b38bae2abbd119e0d17842bfb20b
snippets/icon-minus.liquid:
  development: 2018-01-15T11:26:41-08:00   78c513424d498299e865f8a242823ad0
snippets/icon-pause.liquid:
  development: 2018-01-15T11:26:41-08:00   99e785a63af3ab0a7ccd9c5551ea8910
snippets/icon-payment-icons.liquid:
  development: 2018-01-31T10:03:10-08:00   449a16f5522fe8acebb08a1882b2f3ee
snippets/icon-paypal.liquid:
  development: 2018-01-15T11:26:41-08:00   1b0d7db160b229b8519cccf2514ee676
snippets/icon-pin.liquid:
  development: 2018-01-15T11:26:41-08:00   694162388571d6142ec30bc299d8ac91
snippets/icon-pinterest.liquid:
  development: 2018-01-15T11:26:41-08:00   701f2a785b3fa83d63e3ab54af060031
snippets/icon-play-video.liquid:
  development: 2018-01-15T11:26:41-08:00   f0b736a271f33b83b319b2d04e61aa2b
snippets/icon-play.liquid:
  development: 2018-01-15T11:26:41-08:00   31ff2901a9fd0f32ebc4c05748e7aa5d
snippets/icon-plus.liquid:
  development: 2018-01-15T11:26:41-08:00   ba5297f64eb7ea97f1785e8166e11231
snippets/icon-quote.liquid:
  development: 2018-01-15T11:26:41-08:00   e710949f7a142dfc3c4fac15c33bb2fa
snippets/icon-remove.liquid:
  development: 2018-01-31T10:03:25-08:00   e6c3217e16245dac99cde7c72b051e8e
snippets/icon-rss.liquid:
  development: 2018-01-31T10:04:29-08:00   3d2dde5682350e6c19be327a84ff7418
snippets/icon-search.liquid:
  development: 2018-01-31T10:04:46-08:00   9d7814400c64d8b92f4a2c98c1525759
snippets/icon-shopify-logo.liquid:
  development: 2018-01-15T11:26:41-08:00   3f0b70f9e01be5b25507d25a732ecde7
snippets/icon-snapchat.liquid:
  development: 2018-01-15T11:26:41-08:00   9ed6937e3232c9034976be2b8ed9f673
snippets/icon-spinner.liquid:
  development: 2018-01-31T10:03:11-08:00   52313ef50bcafdae0b5c11d9edd8ade0
snippets/icon-stripe.liquid:
  development: 2018-01-15T11:26:41-08:00   208713954dff9de98f800df59763615d
snippets/icon-tumblr.liquid:
  development: 2018-01-15T11:26:41-08:00   d71a4ada77a8a9b6bd792bdafef393de
snippets/icon-twitter.liquid:
  development: 2018-01-15T11:26:41-08:00   24047c22697a23a0baabf2804adc6c11
snippets/icon-vimeo.liquid:
  development: 2018-01-15T11:26:41-08:00   a229ed8a1a81e6ef95ad621f8a34efb6
snippets/icon-visa.liquid:
  development: 2018-01-15T11:26:41-08:00   9098533cd59e385d2672f6d8b7fa4b04
snippets/icon-youtube.liquid:
  development: 2018-01-15T11:26:41-08:00   9d72c5bc3eaa14a3e7aefd921881b1ae
snippets/image-style.liquid:
  development: 2018-01-15T11:26:41-08:00   2d807ad1f4831d306d8e190b89d45c00
snippets/meganav-navmenu.liquid:
  development: 2018-02-01T08:37:31-08:00   9d48f204355dfdce53711d0a432c0274
snippets/message-banner.liquid:
  development: 2018-01-31T10:03:23-08:00   a9f100127c83a8006c57c083dae90d0f
snippets/modal.liquid:
  development: 2018-01-31T10:04:39-08:00   79c13f2bab627da915cd3fc6a7cbda49
snippets/navmenu.liquid:
  development: 2018-01-31T10:04:44-08:00   62a05a051479f866b5e0c0203486ef38
snippets/newsletter.liquid:
  development: 2018-01-31T10:04:14-08:00   9e7e3056b763c04728ab0f030515c455
snippets/no-blocks.liquid:
  development: 2018-01-15T11:26:41-08:00   0cb7d758b6df0feb07ae5804b4b627fa
snippets/page-search-form.liquid:
  development: 2018-01-31T10:04:49-08:00   f644edbbd885c6005bf143bcd5fa27fc
snippets/pagination.liquid:
  development: 2018-01-31T10:03:51-08:00   179aca2514e2f579a589643af98b6af0
snippets/placeholder_svg_uri.liquid:
  development: 2018-01-31T10:04:30-08:00   f6872e1f19ecee8ed0fffa3a46e0f2b6
snippets/product-badge.liquid:
  development: 2018-01-31T10:04:13-08:00   34674bddeefb6f695be091825f0f149a
snippets/product-card-grid.liquid:
  development: 2018-01-15T11:26:41-08:00   4688cc4ff89f19be4a58919fb7a3a8fe
snippets/product-card-list.liquid:
  development: 2018-01-15T11:26:41-08:00   701fa6db04bd9c70283028cc4274fc2f
snippets/product-form.liquid:
  development: 2018-01-31T10:04:23-08:00   81950a8848d14b9f216a0bfb9d4a174f
snippets/product-gallery.liquid:
  development: 2018-01-31T10:04:20-08:00   47ae1164a73ad41232e891f9b6672e0a
snippets/product-grid-item.liquid:
  development: 2018-01-31T10:04:27-08:00   b8eeea723cfa7f9109773b38104a0b09
snippets/product-grid-showby.liquid:
  development: 2018-01-31T10:04:58-08:00   c5ace747bdefaf1a4f8ee5c2ee33bd0f
snippets/product-grid-sidebar-filters.liquid:
  development: 2018-01-31T10:03:45-08:00   d69fcfaa0e0be98cbfd675f202f92818
snippets/product-grid-sidebar.liquid:
  development: 2018-01-31T10:03:12-08:00   737ef908615c74d9e4abafe94eb14f74
snippets/product-grid-sortby.liquid:
  development: 2018-01-31T10:04:53-08:00   a10ceb3f5b973e60087868042a635c12
snippets/product-grid-tag-groups.liquid:
  development: 2018-01-31T10:03:35-08:00   8847c4f4bd32a99efb79172e9d1757e7
snippets/product-grid-tags-active.liquid:
  development: 2018-01-31T10:03:28-08:00   9a9f657e5f527ce5bf0fafe4179be1af
snippets/product-grid-tags.liquid:
  development: 2018-01-31T10:03:35-08:00   67a5be88b301d75528537b2fd87a2d6b
snippets/product-options.liquid:
  development: 2018-01-31T10:05:01-08:00   b4aeb6bff95e5564ea864577bcec0b2f
snippets/product-price.liquid:
  development: 2018-01-31T10:04:35-08:00   13c4cc168e86b1dc98813d771b61ae02
snippets/product.liquid:
  development: 2018-01-31T10:04:57-08:00   5e2274ac908ac151ff5548194bb2f246
snippets/promo-block-background.liquid:
  development: 2018-01-31T10:04:24-08:00   3741b753b504788b4ac3b0b91bc4f762
snippets/promo-block.liquid:
  development: 2018-01-31T10:03:13-08:00   c84aff7520057bd8fb628c294e44714c
snippets/promo-mosaic-1.liquid:
  development: 2018-01-31T10:04:09-08:00   4edc61410b346c0de9fe398905e336a7
snippets/promo-mosaic-2.liquid:
  development: 2018-01-31T10:03:50-08:00   7dd28c9e8cc19d0b75ef656a56ff1225
snippets/promo-mosaic-3.liquid:
  development: 2018-01-31T10:04:37-08:00   af41d20944abc8cd5ead3db00d61385e
snippets/promo-mosaic-4.liquid:
  development: 2018-01-31T10:04:00-08:00   aa5752f42d41a778354197504dccb510
snippets/promo-mosaic-5.liquid:
  development: 2018-01-31T10:04:52-08:00   8b484fc6996cebd463b5da53332b82ba
snippets/related-products.liquid:
  development: 2018-01-31T10:04:18-08:00   1f8b05010a4bb0a67d67f3c794a577db
snippets/results-search-content.liquid:
  development: 2018-01-31T10:04:48-08:00   df166c591aadb13da96b93f0a4f13db8
snippets/search-form.liquid:
  development: 2018-01-15T11:26:42-08:00   28a50f2542fd28c27fd3eb50ae816c46
snippets/search-sanitizer.liquid:
  development: 2018-01-31T10:04:11-08:00   3585d867cf7f14124609fafdd122945c
snippets/share-buttons.liquid:
  development: 2018-01-31T10:04:18-08:00   486ef77ff76f7ec2d7a9d3fca3f32461
snippets/site-header-actions.liquid:
  development: 2018-02-01T08:37:01-08:00   86409806e9067a7ff3c3081fb773be4d
snippets/site-mobile-nav.liquid:
  development: 2018-01-31T10:03:40-08:00   a98efcba7e35f4288613f5a5669d4216
snippets/site-nav.liquid:
  development: 2018-01-15T11:26:42-08:00   27eb9fe21a2c8d2d3fe5a89767925cc6
snippets/social-icon.liquid:
  development: 2018-02-02T13:57:42-08:00   8a0977993940f8e9b8a3c2d9b1872d31
snippets/social-link.liquid:
  development: 2018-01-31T10:04:16-08:00   1d164b3844890dcd5db69dce2ae97415
snippets/social-list.liquid:
  development: 2018-02-02T13:56:35-08:00   8fa46ccaed2e755635570ef63cb88ac5
snippets/social-meta-tags.liquid:
  development: 2018-01-31T10:04:38-08:00   cd0dd28ca3535fbd7b5fa7e67b674d90
snippets/social-sharing.liquid:
  development: 2018-01-15T11:26:42-08:00   df66127392b32e401ac2dd2963c78047
snippets/structured-data.liquid:
  development: 2018-01-31T10:04:00-08:00   78ec5d4b8469ba13a0649a6d9784d79a
snippets/svg-sprite.liquid:
  development: 2018-01-31T10:03:36-08:00   89196daa4fcb4edc9ba0fd471bae1159
snippets/tweet.liquid:
  development: 2018-01-31T10:03:55-08:00   410f2ebcd880b49a7d8028bec32fa758
templates/404.liquid:
  development: 2018-01-31T10:03:30-08:00   4def51683da390e8f5c3b92b09574ede
templates/article.liquid:
  development: 2018-01-31T10:05:00-08:00   31bc5f40cf0036e97bc228f5241248cd
templates/blog.liquid:
  development: 2018-01-31T10:04:10-08:00   3fcf2d7eec2a07fc51cc23e5f1ff98fd
templates/cart.liquid:
  development: 2018-01-31T10:04:58-08:00   c9ceb6b1d5ade1426dc567e6105a907a
templates/collection.liquid:
  development: 2018-01-31T10:03:54-08:00   e89913278de4e3b744db23e5ea010fc7
templates/collection.view-24.liquid:
  development: 2018-01-31T10:03:23-08:00   e89913278de4e3b744db23e5ea010fc7
templates/collection.view-36.liquid:
  development: 2018-01-31T10:04:38-08:00   e89913278de4e3b744db23e5ea010fc7
templates/collection.view-48.liquid:
  development: 2018-01-31T10:03:53-08:00   e89913278de4e3b744db23e5ea010fc7
templates/customers/account.liquid:
  development: 2018-01-31T10:03:37-08:00   bb0b638563a16526b43326f482ee8448
templates/customers/activate_account.liquid:
  development: 2018-01-31T10:04:04-08:00   dfbb23fd4b011e7f7b5a39eb79c80127
templates/customers/addresses.liquid:
  development: 2018-01-31T10:03:40-08:00   aa753cfb99e070891cdb6beb10498fc9
templates/customers/login.liquid:
  development: 2018-01-31T10:03:42-08:00   3b2de6d0e7ba40b2a7f659a94c6d631f
templates/customers/order.liquid:
  development: 2018-01-31T10:04:22-08:00   4757830c98f1de0c1d41302301ef09db
templates/customers/register.liquid:
  development: 2018-01-31T10:03:57-08:00   66e74390a0cab12da357c4c16f63e6e7
templates/customers/reset_password.liquid:
  development: 2018-01-31T10:04:03-08:00   fa88721b56943746953fe5bfaad11a11
templates/gift_card.liquid:
  development: 2018-01-31T10:04:01-08:00   f1784a653fed4b8cde64d98daf3f1e23
templates/index.liquid:
  development: 2018-01-31T10:04:32-08:00   034564da719f1f503f71c6638210c15a
templates/list-collections.liquid:
  development: 2018-01-31T10:04:21-08:00   160754bddd636282dc329181ebd8bb0e
templates/page.contact.liquid:
  development: 2018-01-31T10:04:34-08:00   fd703a88bd160473fc3d9a4d4bd04276
templates/page.liquid:
  development: 2018-01-31T10:03:52-08:00   9e442c571c6eb6ea9b0b06598a29321b
templates/password.liquid:
  development: 2018-01-31T10:03:46-08:00   2fdfbecb3470b2a25e6559a816577052
templates/product.liquid:
  development: 2018-01-31T10:03:20-08:00   2224ba9104b259ef924f5f5d433d47a9
templates/search.header.liquid:
  development: 2018-01-31T10:03:55-08:00   137d03a8305024b0e13ccfe1782cb49e
templates/search.liquid:
  development: 2018-01-31T10:04:21-08:00   34e7a538259af245f4deed26e21288a9
