# THIS IS AN AUTOGENERATED FILE. DO NOT EDIT THIS FILE DIRECTLY.
assets/capnography-multigas-banner.jpg:
  development: 2018-03-27T11:08:46-07:00   d932a99168023c546598e42040786e79
assets/checkout.scss.liquid:
  development: 2018-05-31T11:25:39-07:00   6e250aa17b50ca4c8c9162b253749c62
assets/electrocardiology-banner.jpg:
  development: 2018-03-27T11:09:00-07:00   97877010d9082a5061febc5fc3cefece
assets/empire.js:
  development: 2018-05-24T15:51:22-07:00   65f26451439d66e642ccd0d99fbf2397
assets/empire.js.map:
  development: 2018-03-21T15:16:20-07:00   8a1948556554a0c76622a98f53d0cbf1
assets/gift-card.js:
  development: 2018-03-21T15:14:13-07:00   c73df2ee57cc9eb577f7a1858063495d
assets/gift-card.scss.liquid:
  development: 2018-03-21T15:16:08-07:00   647ae860a3a785081fa97f55b66cea83
assets/ico-select.svg.liquid:
  development: 2018-03-21T15:15:28-07:00   28de0c672609528b7c55f6f47810784b
assets/jquery-mask.js:
  development: 2018-03-21T09:28:09-07:00   19591cdabc780ca30f1787694fb54a95
assets/jquery.cart.js:
  development: 2018-03-21T09:28:10-07:00   d561b356ead76b3d4a147f96eb34be98
assets/jquery.js:
  development: 2018-03-21T16:53:08-07:00   a46fb81762396b7bf2020774a2fb4d9e
assets/lazysizes.js:
  development: 2018-03-21T15:15:30-07:00   a27b15d827d7a26f9fa58fb6b4f9d4b6
assets/leaguespartan-bold.eot:
  development: 2018-03-21T09:28:10-07:00   5d202a7f44e80632637a8f06f374147e
assets/leaguespartan-bold.svg:
  development: 2018-03-21T09:28:10-07:00   3c33ca150ccb893b3f89fabce784e09a
assets/leaguespartan-bold.ttf:
  development: 2018-03-21T09:28:10-07:00   7cc8cbbd7a330c0d1e7c08c6d62711e4
assets/leaguespartan-bold.woff:
  development: 2018-03-21T09:28:10-07:00   de124ab4fe636436b7f9d3b1f5ac3eed
assets/leaguespartan-bold.woff2:
  development: 2018-03-21T09:28:10-07:00   3812d86fa4f162846016e03340c94427
assets/match-media.min.js:
  development: 2018-03-21T15:14:00-07:00   d0bf06c458a236dcca39b3be8cf80ec5
assets/mega-menu-cta.jpg:
  development: 2018-03-21T09:28:12-07:00   435be30d002393baa62411c06319725e
assets/non-invasive-blood-pressure-banner.jpg:
  development: 2018-03-21T15:14:07-07:00   7c4d8b2ae57af2fe9f8bbb3a07361738
assets/non-invasive-blood-pressure-cuffs-banner.jpg:
  development: 2018-03-27T11:07:13-07:00   1d10750c7ae1c589505036167fc3463e
assets/password.js:
  development: 2018-03-21T15:15:11-07:00   d826da9cb223a44d53a0c34f457e92dc
assets/patient-monitoring-banner.jpg:
  development: 2018-03-27T11:08:44-07:00   b89037940384d63be94e00d9b8ee9426
assets/pulse-oximetry-banner.jpg:
  development: 2018-03-27T11:07:24-07:00   4c124d2fb077391a47667038f1315ffd
assets/spacelabs-hero-banner.jpg:
  development: 2018-03-27T11:09:03-07:00   d68b302f94edd5968f47f96c975e3168
assets/spacelabs-icon.png:
  development: 2018-03-21T09:28:10-07:00   c783daa4df6b2014e89197ea24e1d690
assets/spacelabs-logo-small.png:
  development: 2018-03-21T09:28:12-07:00   8d576ff6d8e4abd3ea0f7da27739d875
assets/spacelabs-logo.png:
  development: 2018-03-21T09:28:10-07:00   09493cd484e61602273a10b527747a96
assets/spacelabs.min.css:
  development: 2018-06-04T10:18:39-07:00   97441498a9fd1ad3c2a9ff48a1da77d5
assets/spacelabs.min.js:
  development: 2018-06-04T10:18:45-07:00   09e14dd732c063de156fc6053900ccd9
assets/specifications_data.js:
  development: 2018-04-03T14:39:09-07:00   d2a7c3765a741f4946b195315174e729
assets/theme.js:
  development: 2018-03-21T09:28:10-07:00   3c00cca2927a6e15b31d7ba6839223d8
assets/theme.scss.liquid:
  development: 2018-03-29T15:09:36-07:00   1cc278a9af9a7f9f463ec84a4c40c480
assets/vendor.js:
  development: 2018-03-21T15:15:22-07:00   cb7c4217c9b6feb844647b361accfe6c
config/settings_data.json:
  development: 2018-03-23T13:59:03-07:00   c069cbc6c552340680ec33190aa5bcde
config/settings_schema.json:
  development: 2018-03-21T09:28:16-07:00   ee9dda03baf68f0aca0b32eb818c9753
layout/checkout.liquid:
  development: 2018-06-01T17:00:27-07:00   f85da305f65c30ecdaa619fe83fc17e6
layout/gift_card.liquid:
  development: 2018-03-21T09:28:11-07:00   7748333192fdf44be2fbc47b4c50f1c3
layout/giftcard.liquid:
  development: 2018-03-21T09:28:10-07:00   73c1ea652bb490316bf55ad7b0310d22
layout/none.liquid:
  development: 2018-03-21T09:28:10-07:00   9e56f1fbd6b661ad383b25c7b04d5ede
layout/password.liquid:
  development: 2018-03-21T09:28:12-07:00   ab4e99aa0bc552e3d315e8fc816602c0
layout/theme.liquid:
  development: 2018-06-04T10:17:10-07:00   fb597fee5983439ecfb9843b7a7df5ef
locales/de.json:
  development: 2018-03-21T15:14:29-07:00   b7cd7749b0a0d9df967227ee73bcbb7f
locales/en.default.json:
  development: 2018-03-29T15:09:12-07:00   06b8a7a9ae2863830012780ed39f294f
locales/es.json:
  development: 2018-03-21T15:15:05-07:00   1f7faec878ecdbd841a874f20548c252
locales/fr.json:
  development: 2018-03-21T15:14:30-07:00   6a7a530503406291c810ad803e1ae7d3
locales/it.json:
  development: 2018-03-21T15:14:30-07:00   1e9bf18e791cca0b5c22210f65193234
locales/ja.json:
  development: 2018-03-21T15:15:43-07:00   d37fd5030ba34cadec9ea376c939f2a1
locales/pt-BR.json:
  development: 2018-03-21T15:15:12-07:00   e34f8234dadd2e978e7d60c45069cda8
locales/pt-PT.json:
  development: 2018-03-21T15:15:50-07:00   9753246c7cfeeb72638f4df3170e0566
sections/article-template.liquid:
  development: 2018-03-21T15:14:43-07:00   6850937aeb295fae74ca4dec2a6922bb
sections/blog-template.liquid:
  development: 2018-03-21T15:14:16-07:00   5757170836346c1082ffba4ef408857e
sections/cart-template.liquid:
  development: 2018-03-21T09:27:04-07:00   f07185af88ed866aaf60d6567f794269
sections/collection-list.liquid:
  development: 2018-03-21T15:15:04-07:00   a55d61b95ff71917adad276c41ee1dc0
sections/collection-template.liquid:
  development: 2018-03-21T15:15:16-07:00   7770eba3ed3374c97f43677826939401
sections/collection.liquid:
  development: 2018-03-21T15:15:42-07:00   2b354ddc56741c41be0ee62a912b4ce4
sections/custom-content.liquid:
  development: 2018-03-21T15:16:10-07:00   9abed1c1562136145fb81ea24137c7ac
sections/dynamic-blog-posts.liquid:
  development: 2018-03-21T09:27:04-07:00   7345b04a5dbd434db7174f3b5a2229fb
sections/dynamic-collection-list.liquid:
  development: 2018-03-21T09:27:03-07:00   60778f1f8b32d501d578af29e500d2b8
sections/dynamic-featured-collection.liquid:
  development: 2018-03-21T09:27:04-07:00   1354d2e7daf16384249f583af0344517
sections/dynamic-instagram-feed.liquid:
  development: 2018-03-21T09:27:03-07:00   7c47a9f5ea28aad1f40c3d8dd3e38aa8
sections/dynamic-logo-list.liquid:
  development: 2018-03-21T09:27:03-07:00   c8e8b5b99848092e59cda5819653d59b
sections/dynamic-menu-list.liquid:
  development: 2018-03-21T09:27:04-07:00   343b489a87bb9d2c14ec6ffeab2e7b4d
sections/dynamic-promo-grid.liquid:
  development: 2018-03-21T09:27:04-07:00   ae3562587a51504d7fd655f5512efd69
sections/dynamic-promo-mosaic.liquid:
  development: 2018-03-21T09:27:04-07:00   37584a0fc1f80999e84d85d4a5ad5337
sections/dynamic-twitter-feed.liquid:
  development: 2018-03-21T09:27:03-07:00   fd7e4943e6573f0cfd7363210ea95a4f
sections/feature-columns.liquid:
  development: 2018-03-21T15:15:44-07:00   7ee793287ae4e364423ed47d32ad34af
sections/feature-row.liquid:
  development: 2018-03-21T15:15:50-07:00   bde08223943123aaf565f941cabf86e4
sections/featured-blog.liquid:
  development: 2018-03-21T15:15:46-07:00   9a1edbe837a0e23ee0b4aa7e024db613
sections/featured-product.liquid:
  development: 2018-03-21T15:14:11-07:00   9c2cd13b0e7e12c4468426c6119eb30e
sections/footer.liquid:
  development: 2018-03-21T09:27:04-07:00   fe0868f01097f30498e8f699975a5cd3
sections/header.liquid:
  development: 2018-03-21T15:15:24-07:00   92c1e153c4e6c0827ab7a59aecb65b93
sections/hero.liquid:
  development: 2018-03-21T15:15:34-07:00   d45cf37312b64d6e7511bdba56256758
sections/image-bar.liquid:
  development: 2018-03-21T15:16:02-07:00   aa3e620e7da9659ad6c8a55ca2e596a8
sections/list-collections-template.liquid:
  development: 2018-03-21T09:27:03-07:00   3039da18483e52dcf6e6d354ac533cb6
sections/logo-bar.liquid:
  development: 2018-03-21T15:14:36-07:00   be9fbe5af92667ee59e0b2198d02944c
sections/map.liquid:
  development: 2018-03-21T15:14:08-07:00   e6bfab6213264f929e50e67ca23701b1
sections/newsletter.liquid:
  development: 2018-03-21T15:15:31-07:00   e5e3b7216b1f6352652611995b8091f7
sections/password-content.liquid:
  development: 2018-03-21T15:15:29-07:00   a3f9a878372b9cc4908dedc0257b9c0e
sections/password-footer.liquid:
  development: 2018-03-21T15:15:26-07:00   0c543736abf1ace6be7207be17195203
sections/password-header.liquid:
  development: 2018-03-21T15:16:03-07:00   96c731183fa1c3f2f87ca66501494897
sections/product-template.liquid:
  development: 2018-03-21T09:27:03-07:00   b3c21bdd3a4f142763e96af60eccda10
sections/quotes.liquid:
  development: 2018-03-21T15:14:31-07:00   b234ffff9a061befe87a0d69a121af1c
sections/rich-text.liquid:
  development: 2018-03-21T15:15:55-07:00   d25fb0e1575242ba565b129eff3dd1b8
sections/slideshow.liquid:
  development: 2018-03-21T15:14:58-07:00   b45e3880ca33f6ac6de7c2b5eb9dd40b
sections/static-article.liquid:
  development: 2018-03-21T09:27:03-07:00   b8668718f94d080774d9d3d0815d2a23
sections/static-blog.liquid:
  development: 2018-03-21T09:27:03-07:00   c106f03e4086b0609fd9460de448737d
sections/static-cart.liquid:
  development: 2018-05-24T15:50:24-07:00   93889d8776a0ff89c7835304303b05b6
sections/static-collection.liquid:
  development: 2018-03-21T09:27:04-07:00   c9196005df352e172d702bfae82771eb
sections/static-footer.liquid:
  development: 2018-03-21T09:27:04-07:00   2863eb7a6a02cd437de4f820203c0c65
sections/static-giftcard.liquid:
  development: 2018-03-21T09:27:04-07:00   aad0f8572fdd83684bbcc67ecdaadbb3
sections/static-header.liquid:
  development: 2018-03-27T11:08:41-07:00   46227bdc1c9d483e2c9c95ae636a98fb
sections/static-list-collections.liquid:
  development: 2018-03-21T09:27:03-07:00   46b7dae704b6989440cb46d579c3bd09
sections/static-password.liquid:
  development: 2018-03-21T09:27:04-07:00   47a8d787723b93ca0f99b0c9634cda56
sections/static-product.liquid:
  development: 2018-03-21T09:27:03-07:00   4134867bcb8e7c692c4f45b676eac70c
sections/static-search.liquid:
  development: 2018-03-21T09:27:03-07:00   e7fe0093c1a6971c1284ec451d73c033
sections/static-tagline.liquid:
  development: 2018-03-21T09:27:03-07:00   d962f0f78a7d8019df585f5c02dfab1f
snippets/account-address-form.liquid:
  development: 2018-03-21T09:28:10-07:00   f85f88fb40cdace6cf9a345adc551e6d
snippets/account-address-list-spacelabs.liquid:
  development: 2018-04-03T14:37:19-07:00   0aa5939b8e88255aa73318f0fbd7f8d1
snippets/account-address-list.liquid:
  development: 2018-04-03T14:38:06-07:00   a9236003202a3741c4651bf45d29165e
snippets/advanced-tag-loop.liquid:
  development: 2018-05-24T15:49:31-07:00   658246e6c2493ab56d4fe11d62c59b44
snippets/article-comment-item.liquid:
  development: 2018-03-21T09:28:10-07:00   1f3b2eb404103171e7891dfdb708ff3a
snippets/article-comments.liquid:
  development: 2018-03-21T09:28:12-07:00   e2acfce7bd7ef31d442340d5dfd80298
snippets/article-excerpt-featured.liquid:
  development: 2018-03-21T09:28:10-07:00   a81d4eff105b2d1da4ae276093764c2c
snippets/article-excerpt.liquid:
  development: 2018-03-21T09:28:12-07:00   f278bb9dd83135cd8059ae5b7f027822
snippets/atc-banner.liquid:
  development: 2018-05-24T15:50:20-07:00   9d6dff3872a923b0304b1b1e3defd7b6
snippets/bgset.liquid:
  development: 2018-03-21T15:15:11-07:00   85889bbc39b57621f32fad66317366fc
snippets/breadcrumbs.liquid:
  development: 2018-06-04T10:48:14-07:00   506e50046a759b7e49cd1e4c9b38d0b6
snippets/business-list-collection.liquid:
  development: 2018-03-21T09:28:12-07:00   b9e55da86f69cd154fe3464136fceeec
snippets/cart-item.liquid:
  development: 2018-05-24T15:49:25-07:00   abd5a5f9c4f9fbcd648032b44777695f
snippets/cart-shipping.liquid:
  development: 2018-03-21T09:28:10-07:00   2e1682af7cbfa5134a4a72d24d49432d
snippets/collection-business-category.liquid:
  development: 2018-03-21T09:28:10-07:00   cbe8d9a21caa81b412b0bdcb3a2bf1bb
snippets/collection-grid-item.liquid:
  development: 2018-03-21T15:14:43-07:00   209c8abd3531c95e503636cc520dd9ca
snippets/collection-list-item.liquid:
  development: 2018-03-21T09:28:14-07:00   f38cb7501d97a90c9477c2991bbd8ff6
snippets/comment.liquid:
  development: 2018-03-21T15:14:44-07:00   50406c82467014e1bbe15a62685b2536
snippets/consistent-savings.liquid:
  development: 2018-03-21T09:28:13-07:00   062348bf8636cfb65992209dc469c8ef
snippets/favicon.liquid:
  development: 2018-03-21T09:28:10-07:00   bb4cc0c0bb410d208e07cc9290318273
snippets/fonts.liquid:
  development: 2018-03-21T09:28:12-07:00   859f0a40762898a24b098cbeea449fcc
snippets/footer-block.liquid:
  development: 2018-03-21T09:28:10-07:00   328d805fbe5397f45a69f7272b9250ec
snippets/google-fonts.liquid:
  development: 2018-03-21T09:28:10-07:00   377ddc183ac7882100f47299bb8e0467
snippets/header-search-form.liquid:
  development: 2018-03-21T09:28:10-07:00   6b817bff82b58bc24ead2eeaa4d1c6f2
snippets/icon-amazon_payments.liquid:
  development: 2018-03-21T15:14:49-07:00   f1ad8ba26dd5b98117703ede5357e408
snippets/icon-american_express.liquid:
  development: 2018-03-21T15:14:55-07:00   9da829decce6867b8de60a183c94d099
snippets/icon-apple_pay.liquid:
  development: 2018-03-21T15:16:16-07:00   e82e7acc46479ea2173926f8fad55db0
snippets/icon-arrow-left.liquid:
  development: 2018-03-21T15:14:03-07:00   5abf8c4c69967103f685014dcc88a6e7
snippets/icon-arrow-right.liquid:
  development: 2018-03-21T15:16:12-07:00   45f24673c43655e9275d1ba99d814374
snippets/icon-bitcoin.liquid:
  development: 2018-03-21T15:14:26-07:00   d8cb31e0401818c1cb852348b6f27420
snippets/icon-cart.liquid:
  development: 2018-03-21T09:28:12-07:00   10e3ba40c4ac001cfb315cfa4019a421
snippets/icon-checkbox.liquid:
  development: 2018-03-21T09:28:12-07:00   ec91804696102b341faf503807c00f10
snippets/icon-checkmark.liquid:
  development: 2018-03-21T09:28:13-07:00   3d55d2131d64821a15df9a06a272ad95
snippets/icon-chevron-down-small.liquid:
  development: 2018-03-21T09:28:11-07:00   2b10da2ba8e81937fb7a1266c440bacd
snippets/icon-chevron-down-thin.liquid:
  development: 2018-03-21T09:28:13-07:00   847fc18d4ddf1bc2955478da730feb47
snippets/icon-chevron-down.liquid:
  development: 2018-03-21T09:28:15-07:00   18cf858f6eddc33354ca0f3ded263ecd
snippets/icon-chevron-left.liquid:
  development: 2018-03-21T15:14:09-07:00   6290d56c32e8ac47abe4a4f4d90ed032
snippets/icon-chevron-right.liquid:
  development: 2018-03-21T15:15:59-07:00   41842e53e7b826a0d260e2ccffbfdab1
snippets/icon-chevron-up.liquid:
  development: 2018-03-21T15:14:18-07:00   4df1e02c8789418fc53d48e2913daf49
snippets/icon-cirrus.liquid:
  development: 2018-03-21T15:16:11-07:00   fcbd6ce7e38d7946c921c8ed6ad5ca71
snippets/icon-close.liquid:
  development: 2018-03-21T15:15:56-07:00   a04fce17a63e760b9bce76768ee29feb
snippets/icon-dankort.liquid:
  development: 2018-03-21T15:15:35-07:00   796e1e822b3e46784d303b48c9db5b29
snippets/icon-diners_club.liquid:
  development: 2018-03-21T15:15:39-07:00   cf70ea54486bb14c286264f90dab9ff8
snippets/icon-discover.liquid:
  development: 2018-03-21T15:15:07-07:00   b43221b39bc3df37f7e6c7810d3e54d8
snippets/icon-dogecoin.liquid:
  development: 2018-03-21T15:15:08-07:00   6a35f5db9eb93d1ed563c6989ff30798
snippets/icon-dwolla.liquid:
  development: 2018-03-21T15:13:58-07:00   aeb86f67aad84adaf7635d2043cb89a9
snippets/icon-facebook.liquid:
  development: 2018-03-21T15:16:07-07:00   334588042b292f2d7335fd2791c35eca
snippets/icon-filters.liquid:
  development: 2018-03-21T09:28:13-07:00   e75dc1cd06aed5f3003efc264ad13f8c
snippets/icon-forbrugsforeningen.liquid:
  development: 2018-03-21T15:14:44-07:00   ff962a94f23046340766c215b0f14a52
snippets/icon-hamburger.liquid:
  development: 2018-03-21T15:15:42-07:00   559577e06ff14924311cfe2642e8b765
snippets/icon-instagram.liquid:
  development: 2018-03-21T15:15:09-07:00   bf50214819f6e2a5f053593e2414526d
snippets/icon-interac.liquid:
  development: 2018-03-21T15:14:51-07:00   24c4d22a98c0574c32fc02fe39e34b80
snippets/icon-jcb.liquid:
  development: 2018-03-21T15:14:03-07:00   275259ce80a1b368d0e5afcf7d6bb6f3
snippets/icon-laser.liquid:
  development: 2018-03-21T15:15:23-07:00   bd1a0ecfe958b6a6e84bf80e0669a6da
snippets/icon-litecoin.liquid:
  development: 2018-03-21T15:15:27-07:00   051dfcb36fa17b532a087b12f0a49e0e
snippets/icon-lock.liquid:
  development: 2018-03-21T09:28:13-07:00   195ed69385a69ad86109d4486bf1d6ab
snippets/icon-login.liquid:
  development: 2018-03-21T15:14:29-07:00   9a74bdaac402576390ca1dbdc9e7869c
snippets/icon-maestro.liquid:
  development: 2018-03-21T15:14:32-07:00   b987e558ecad607661489939ec8ca524
snippets/icon-master.liquid:
  development: 2018-03-21T15:16:07-07:00   7be93970b63c2fd0e2b319a35c00a9d7
snippets/icon-menu-close.liquid:
  development: 2018-03-21T09:28:10-07:00   0598b38bae2abbd119e0d17842bfb20b
snippets/icon-minus.liquid:
  development: 2018-03-21T15:16:04-07:00   78c513424d498299e865f8a242823ad0
snippets/icon-pause.liquid:
  development: 2018-03-21T15:14:10-07:00   99e785a63af3ab0a7ccd9c5551ea8910
snippets/icon-payment-icons.liquid:
  development: 2018-03-21T09:28:12-07:00   449a16f5522fe8acebb08a1882b2f3ee
snippets/icon-paypal.liquid:
  development: 2018-03-21T15:16:05-07:00   1b0d7db160b229b8519cccf2514ee676
snippets/icon-pin.liquid:
  development: 2018-03-21T15:14:37-07:00   694162388571d6142ec30bc299d8ac91
snippets/icon-pinterest.liquid:
  development: 2018-03-21T15:15:55-07:00   701f2a785b3fa83d63e3ab54af060031
snippets/icon-play-video.liquid:
  development: 2018-03-21T15:16:13-07:00   f0b736a271f33b83b319b2d04e61aa2b
snippets/icon-play.liquid:
  development: 2018-03-21T15:15:40-07:00   31ff2901a9fd0f32ebc4c05748e7aa5d
snippets/icon-plus.liquid:
  development: 2018-03-21T15:15:10-07:00   ba5297f64eb7ea97f1785e8166e11231
snippets/icon-quote.liquid:
  development: 2018-03-21T15:14:20-07:00   e710949f7a142dfc3c4fac15c33bb2fa
snippets/icon-remove.liquid:
  development: 2018-03-21T09:28:10-07:00   e6c3217e16245dac99cde7c72b051e8e
snippets/icon-rss.liquid:
  development: 2018-03-21T09:28:12-07:00   3d2dde5682350e6c19be327a84ff7418
snippets/icon-search.liquid:
  development: 2018-03-21T09:28:11-07:00   9d7814400c64d8b92f4a2c98c1525759
snippets/icon-shopify-logo.liquid:
  development: 2018-03-21T15:14:33-07:00   3f0b70f9e01be5b25507d25a732ecde7
snippets/icon-snapchat.liquid:
  development: 2018-03-21T15:15:18-07:00   9ed6937e3232c9034976be2b8ed9f673
snippets/icon-spinner.liquid:
  development: 2018-03-21T09:28:13-07:00   52313ef50bcafdae0b5c11d9edd8ade0
snippets/icon-stripe.liquid:
  development: 2018-03-21T15:14:00-07:00   208713954dff9de98f800df59763615d
snippets/icon-tumblr.liquid:
  development: 2018-03-21T15:14:13-07:00   d71a4ada77a8a9b6bd792bdafef393de
snippets/icon-twitter.liquid:
  development: 2018-03-21T15:16:11-07:00   24047c22697a23a0baabf2804adc6c11
snippets/icon-vimeo.liquid:
  development: 2018-03-21T15:14:42-07:00   a229ed8a1a81e6ef95ad621f8a34efb6
snippets/icon-visa.liquid:
  development: 2018-03-21T15:15:08-07:00   9098533cd59e385d2672f6d8b7fa4b04
snippets/icon-youtube.liquid:
  development: 2018-03-21T15:14:37-07:00   9d72c5bc3eaa14a3e7aefd921881b1ae
snippets/image-style.liquid:
  development: 2018-03-21T15:15:12-07:00   2d807ad1f4831d306d8e190b89d45c00
snippets/meganav-navmenu.liquid:
  development: 2018-03-21T09:28:13-07:00   c763a872d15c88f5fe8f63fb7611d35a
snippets/message-banner.liquid:
  development: 2018-03-21T09:28:12-07:00   a9f100127c83a8006c57c083dae90d0f
snippets/modal-cart-error.liquid:
  development: 2018-05-25T16:27:03-07:00   334f96a26fe65aafd3d95eb211fd6080
snippets/modal-cart.liquid:
  development: 2018-06-04T09:17:35-07:00   a2858f67c0254125fdbc5e30225bb211
snippets/modal-error.liquid:
  development: 2018-05-30T09:16:53-07:00   8ca9d9f63fe94ef25b948fe9ecfd99a8
snippets/modal-login.liquid:
  development: 2018-03-21T09:28:10-07:00   326c6d175181443b0c80dfbc977e0164
snippets/modal-pricing-error.liquid:
  development: 2018-06-01T08:55:33-07:00   0b4e9f7f332fdf27ae3a8977aeda37b1
snippets/modal-success-contact.liquid:
  development: 2018-06-04T10:16:58-07:00   1f8313105c211cec0ee111c0a437bd2c
snippets/modal-success.liquid:
  development: 2018-06-04T09:17:07-07:00   59de60784f5331cf3ed9bd818c56b7b3
snippets/modal.liquid:
  development: 2018-03-21T09:28:13-07:00   214df72590bbe258512331e2ab839930
snippets/navmenu.liquid:
  development: 2018-03-21T09:28:11-07:00   62a05a051479f866b5e0c0203486ef38
snippets/newsletter.liquid:
  development: 2018-03-21T09:28:13-07:00   9e7e3056b763c04728ab0f030515c455
snippets/no-blocks.liquid:
  development: 2018-03-21T15:15:58-07:00   0cb7d758b6df0feb07ae5804b4b627fa
snippets/page-scroller.liquid:
  development: 2018-04-10T08:32:45-07:00   42c7492ca9e9a527b9b24b22aac8d98d
snippets/page-search-form.liquid:
  development: 2018-03-21T09:28:13-07:00   f644edbbd885c6005bf143bcd5fa27fc
snippets/pagination.liquid:
  development: 2018-03-21T09:28:13-07:00   179aca2514e2f579a589643af98b6af0
snippets/placeholder_svg_uri.liquid:
  development: 2018-03-21T09:28:14-07:00   f6872e1f19ecee8ed0fffa3a46e0f2b6
snippets/pricing-error.liquid:
  development: 2018-05-24T15:50:10-07:00   780e2419f75fca5594a16f348d6c495a
snippets/product-badge.liquid:
  development: 2018-03-21T09:28:12-07:00   34674bddeefb6f695be091825f0f149a
snippets/product-card-grid.liquid:
  development: 2018-03-21T15:14:22-07:00   4688cc4ff89f19be4a58919fb7a3a8fe
snippets/product-card-list.liquid:
  development: 2018-03-21T15:14:17-07:00   701fa6db04bd9c70283028cc4274fc2f
snippets/product-form.liquid:
  development: 2018-03-21T09:28:12-07:00   85610908a1bc1a28d1665be85dc52942
snippets/product-gallery.liquid:
  development: 2018-04-10T08:31:36-07:00   3c1c4fe19b3b9b6a484beac8195f2fd8
snippets/product-grid-item.liquid:
  development: 2018-03-21T15:14:39-07:00   5db5238da024542077a13355e95b3f74
snippets/product-grid-showby.liquid:
  development: 2018-03-21T09:28:10-07:00   c5ace747bdefaf1a4f8ee5c2ee33bd0f
snippets/product-grid-sidebar-filters.liquid:
  development: 2018-03-21T09:28:14-07:00   d69fcfaa0e0be98cbfd675f202f92818
snippets/product-grid-sidebar.liquid:
  development: 2018-03-21T09:28:14-07:00   737ef908615c74d9e4abafe94eb14f74
snippets/product-grid-sortby.liquid:
  development: 2018-03-21T09:28:11-07:00   a10ceb3f5b973e60087868042a635c12
snippets/product-grid-tag-groups.liquid:
  development: 2018-03-21T09:28:14-07:00   0e9ecf317c6877d33a12342ade137f52
snippets/product-grid-tags-active.liquid:
  development: 2018-03-21T09:28:13-07:00   9a9f657e5f527ce5bf0fafe4179be1af
snippets/product-grid-tags.liquid:
  development: 2018-03-21T09:28:11-07:00   67a5be88b301d75528537b2fd87a2d6b
snippets/product-options.liquid:
  development: 2018-04-10T08:33:22-07:00   e8a6290566482dd9c0b1fd06722a73d2
snippets/product-price-page.liquid:
  development: 2018-05-24T15:50:35-07:00   050bae34a3ec8b8992ac86068ecac164
snippets/product-price.liquid:
  development: 2018-03-21T09:28:14-07:00   4f7e2e603f2ff5e76f4ddd7332a42af6
snippets/product.liquid:
  development: 2018-05-24T15:49:20-07:00   94ebbfe28d8f66aa7643260c4616a4d8
snippets/promo-block-background.liquid:
  development: 2018-03-21T09:28:13-07:00   3741b753b504788b4ac3b0b91bc4f762
snippets/promo-block.liquid:
  development: 2018-04-10T08:31:28-07:00   b933e0979b4a04770e10e108558eaa34
snippets/promo-mosaic-1.liquid:
  development: 2018-03-21T09:28:12-07:00   4edc61410b346c0de9fe398905e336a7
snippets/promo-mosaic-2.liquid:
  development: 2018-03-21T09:28:13-07:00   7dd28c9e8cc19d0b75ef656a56ff1225
snippets/promo-mosaic-3.liquid:
  development: 2018-03-21T09:28:11-07:00   af41d20944abc8cd5ead3db00d61385e
snippets/promo-mosaic-4.liquid:
  development: 2018-03-21T09:28:13-07:00   aa5752f42d41a778354197504dccb510
snippets/promo-mosaic-5.liquid:
  development: 2018-03-21T09:28:13-07:00   8b484fc6996cebd463b5da53332b82ba
snippets/related-products.liquid:
  development: 2018-03-21T09:28:13-07:00   657373fe46a37cf5f02e1223ab473a5a
snippets/results-search-content.liquid:
  development: 2018-03-21T09:28:14-07:00   df166c591aadb13da96b93f0a4f13db8
snippets/search-form.liquid:
  development: 2018-03-21T15:15:36-07:00   28a50f2542fd28c27fd3eb50ae816c46
snippets/search-sanitizer.liquid:
  development: 2018-03-21T09:28:13-07:00   3585d867cf7f14124609fafdd122945c
snippets/share-buttons.liquid:
  development: 2018-03-21T09:28:11-07:00   486ef77ff76f7ec2d7a9d3fca3f32461
snippets/shipping-modal.liquid:
  development: 2018-05-25T16:26:59-07:00   1bfb88b6424d37eae80c74e7516c07ef
snippets/site-header-actions.liquid:
  development: 2018-05-24T15:50:02-07:00   d535b1caf9c46566b9ea3315beff74b3
snippets/site-mobile-nav.liquid:
  development: 2018-03-21T09:28:12-07:00   628b74ad0d428b79d97ac2fb7bd70767
snippets/site-nav.liquid:
  development: 2018-03-21T09:28:11-07:00   27eb9fe21a2c8d2d3fe5a89767925cc6
snippets/social-icon.liquid:
  development: 2018-03-21T09:28:12-07:00   8a0977993940f8e9b8a3c2d9b1872d31
snippets/social-link.liquid:
  development: 2018-03-21T09:28:11-07:00   1d164b3844890dcd5db69dce2ae97415
snippets/social-list.liquid:
  development: 2018-03-21T09:28:13-07:00   8fa46ccaed2e755635570ef63cb88ac5
snippets/social-meta-tags.liquid:
  development: 2018-03-21T09:28:11-07:00   cd0dd28ca3535fbd7b5fa7e67b674d90
snippets/social-sharing.liquid:
  development: 2018-03-21T15:14:51-07:00   df66127392b32e401ac2dd2963c78047
snippets/specifications_data.liquid:
  development: 2018-05-01T15:33:40-07:00   11eff6034871083b67c1120c8aeea1c1
snippets/structured-data.liquid:
  development: 2018-03-21T09:28:11-07:00   00ad608dc40c2e8b568267de034fc1dd
snippets/svg-sprite.liquid:
  development: 2018-03-21T09:28:12-07:00   89196daa4fcb4edc9ba0fd471bae1159
snippets/tweet.liquid:
  development: 2018-03-21T09:28:11-07:00   410f2ebcd880b49a7d8028bec32fa758
templates/404.liquid:
  development: 2018-03-21T09:28:11-07:00   4def51683da390e8f5c3b92b09574ede
templates/article.liquid:
  development: 2018-03-21T09:28:11-07:00   31bc5f40cf0036e97bc228f5241248cd
templates/blog.liquid:
  development: 2018-03-21T09:28:10-07:00   3fcf2d7eec2a07fc51cc23e5f1ff98fd
templates/cart.liquid:
  development: 2018-03-21T09:28:10-07:00   c9ceb6b1d5ade1426dc567e6105a907a
templates/collection.liquid:
  development: 2018-03-21T09:28:12-07:00   e89913278de4e3b744db23e5ea010fc7
templates/collection.view-24.liquid:
  development: 2018-03-21T09:28:12-07:00   e89913278de4e3b744db23e5ea010fc7
templates/collection.view-36.liquid:
  development: 2018-03-21T09:28:11-07:00   e89913278de4e3b744db23e5ea010fc7
templates/collection.view-48.liquid:
  development: 2018-03-21T09:28:14-07:00   e89913278de4e3b744db23e5ea010fc7
templates/customers/account.liquid:
  development: 2018-05-25T16:27:16-07:00   68af201b7f3ffeb56f1040ac5cdc9813
templates/customers/activate_account.liquid:
  development: 2018-03-21T09:28:11-07:00   dfbb23fd4b011e7f7b5a39eb79c80127
templates/customers/addresses.liquid:
  development: 2018-05-25T16:27:00-07:00   f038449ea64a15258b595d466854892a
templates/customers/login.liquid:
  development: 2018-03-29T15:10:57-07:00   e2a45dc5b51aeeb0bbe6caac37e838e8
templates/customers/order.liquid:
  development: 2018-06-04T10:47:15-07:00   7d6e857428857092d0d835a8237f2774
templates/customers/register.liquid:
  development: 2018-03-21T09:28:12-07:00   1714c2ddad6c824ae8c6ee847c17dd63
templates/customers/reset_password.liquid:
  development: 2018-03-21T09:28:12-07:00   fa88721b56943746953fe5bfaad11a11
templates/gift_card.liquid:
  development: 2018-03-21T09:28:11-07:00   f1784a653fed4b8cde64d98daf3f1e23
templates/index.liquid:
  development: 2018-03-21T09:28:11-07:00   034564da719f1f503f71c6638210c15a
templates/list-collections.liquid:
  development: 2018-03-21T09:28:10-07:00   160754bddd636282dc329181ebd8bb0e
templates/page.business-category.liquid:
  development: 2018-03-27T11:07:47-07:00   d7e0991585129e652846b45c14e39d96
templates/page.business-line.liquid:
  development: 2018-03-27T11:08:35-07:00   3e2d16641031e55626dbb87ebab5a9ca
templates/page.contact.liquid:
  development: 2018-05-25T16:28:49-07:00   64dc37ac28ecaf7174ea9bd5403ce582
templates/page.liquid:
  development: 2018-03-21T09:28:11-07:00   9e442c571c6eb6ea9b0b06598a29321b
templates/page.register.liquid:
  development: 2018-05-30T12:10:46-07:00   4103dcb49eeb23e893852b8e0a818b0d
templates/password.liquid:
  development: 2018-03-21T09:28:14-07:00   2fdfbecb3470b2a25e6559a816577052
templates/product.liquid:
  development: 2018-03-21T09:28:11-07:00   2224ba9104b259ef924f5f5d433d47a9
templates/search.header.liquid:
  development: 2018-03-21T09:28:13-07:00   137d03a8305024b0e13ccfe1782cb49e
templates/search.liquid:
  development: 2018-03-21T09:28:13-07:00   34e7a538259af245f4deed26e21288a9
